{
  "name": "tinas",
  "version": "1.0.0",
  "lockfileVersion": 1,
  "requires": true,
  "dependencies": {
    "wux-weapp": {
      "version": "3.8.1",
      "resolved": "https://registry.npmjs.org/wux-weapp/-/wux-weapp-3.8.1.tgz",
      "integrity": "sha512-1943echKo4hiL1/mQaW1Sx6BeYe95lXjrtUqn3D5REM2g94U3EzFaY19ULudIDeALQ6JUchFwH0RG0g7+uaXpg=="
    }
  }
}
